
Microsoft Visual Studio Solution File, Format Version 12.00
# Visual Studio Version 17
VisualStudioVersion = 17.6.33712.159
MinimumVisualStudioVersion = 10.0.40219.1
Project("{FAE04EC0-301F-11D3-BF4B-00C04F79EFBC}") = "Q9", "Q9\Q9.csproj", "{6EE78457-372B-4898-8082-F84F37246632}"
EndProject
Global
	GlobalSection(SolutionConfigurationPlatforms) = preSolution
		Debug|Any CPU = Debug|Any CPU
		Release|Any CPU = Release|Any CPU
	EndGlobalSection
	GlobalSection(ProjectConfigurationPlatforms) = postSolution
		{6EE78457-372B-4898-8082-F84F37246632}.Debug|Any CPU.ActiveCfg = Debug|Any CPU
		{6EE78457-372B-4898-8082-F84F37246632}.Debug|Any CPU.Build.0 = Debug|Any CPU
		{6EE78457-372B-4898-8082-F84F37246632}.Release|Any CPU.ActiveCfg = Release|Any CPU
		{6EE78457-372B-4898-8082-F84F37246632}.Release|Any CPU.Build.0 = Release|Any CPU
	EndGlobalSection
	GlobalSection(SolutionProperties) = preSolution
		HideSolutionNode = FALSE
	EndGlobalSection
	GlobalSection(ExtensibilityGlobals) = postSolution
		SolutionGuid = {705EBECE-FD4D-4DC5-A132-7BCCDF97B96E}
	EndGlobalSection
EndGlobal
