
Microsoft Visual Studio Solution File, Format Version 12.00
# Visual Studio Version 17
VisualStudioVersion = 17.6.33712.159
MinimumVisualStudioVersion = 10.0.40219.1
Project("{FAE04EC0-301F-11D3-BF4B-00C04F79EFBC}") = "Q13", "Q13\Q13.csproj", "{E973432B-ED54-4E58-A5EE-672A91DA4494}"
EndProject
Global
	GlobalSection(SolutionConfigurationPlatforms) = preSolution
		Debug|Any CPU = Debug|Any CPU
		Release|Any CPU = Release|Any CPU
	EndGlobalSection
	GlobalSection(ProjectConfigurationPlatforms) = postSolution
		{E973432B-ED54-4E58-A5EE-672A91DA4494}.Debug|Any CPU.ActiveCfg = Debug|Any CPU
		{E973432B-ED54-4E58-A5EE-672A91DA4494}.Debug|Any CPU.Build.0 = Debug|Any CPU
		{E973432B-ED54-4E58-A5EE-672A91DA4494}.Release|Any CPU.ActiveCfg = Release|Any CPU
		{E973432B-ED54-4E58-A5EE-672A91DA4494}.Release|Any CPU.Build.0 = Release|Any CPU
	EndGlobalSection
	GlobalSection(SolutionProperties) = preSolution
		HideSolutionNode = FALSE
	EndGlobalSection
	GlobalSection(ExtensibilityGlobals) = postSolution
		SolutionGuid = {EFB426CA-CE32-4BAB-AD62-69D8369B3F29}
	EndGlobalSection
EndGlobal
