
Microsoft Visual Studio Solution File, Format Version 12.00
# Visual Studio Version 17
VisualStudioVersion = 17.6.33712.159
MinimumVisualStudioVersion = 10.0.40219.1
Project("{FAE04EC0-301F-11D3-BF4B-00C04F79EFBC}") = "Q11", "Q11\Q11.csproj", "{5E55AD03-1819-4A1E-B7E0-AF647671F274}"
EndProject
Global
	GlobalSection(SolutionConfigurationPlatforms) = preSolution
		Debug|Any CPU = Debug|Any CPU
		Release|Any CPU = Release|Any CPU
	EndGlobalSection
	GlobalSection(ProjectConfigurationPlatforms) = postSolution
		{5E55AD03-1819-4A1E-B7E0-AF647671F274}.Debug|Any CPU.ActiveCfg = Debug|Any CPU
		{5E55AD03-1819-4A1E-B7E0-AF647671F274}.Debug|Any CPU.Build.0 = Debug|Any CPU
		{5E55AD03-1819-4A1E-B7E0-AF647671F274}.Release|Any CPU.ActiveCfg = Release|Any CPU
		{5E55AD03-1819-4A1E-B7E0-AF647671F274}.Release|Any CPU.Build.0 = Release|Any CPU
	EndGlobalSection
	GlobalSection(SolutionProperties) = preSolution
		HideSolutionNode = FALSE
	EndGlobalSection
	GlobalSection(ExtensibilityGlobals) = postSolution
		SolutionGuid = {155F919E-7EBB-4A09-9AB8-2AFB2D9489EF}
	EndGlobalSection
EndGlobal
