
Microsoft Visual Studio Solution File, Format Version 12.00
# Visual Studio Version 17
VisualStudioVersion = 17.6.33712.159
MinimumVisualStudioVersion = 10.0.40219.1
Project("{9A19103F-16F7-4668-BE54-9A1E7A4F7556}") = "Q1", "Q\Q1.csproj", "{4BF78E83-BD25-46EE-BD60-2F8461ABC2B1}"
EndProject
Global
	GlobalSection(SolutionConfigurationPlatforms) = preSolution
		Debug|Any CPU = Debug|Any CPU
		Release|Any CPU = Release|Any CPU
	EndGlobalSection
	GlobalSection(ProjectConfigurationPlatforms) = postSolution
		{4BF78E83-BD25-46EE-BD60-2F8461ABC2B1}.Debug|Any CPU.ActiveCfg = Debug|Any CPU
		{4BF78E83-BD25-46EE-BD60-2F8461ABC2B1}.Debug|Any CPU.Build.0 = Debug|Any CPU
		{4BF78E83-BD25-46EE-BD60-2F8461ABC2B1}.Release|Any CPU.ActiveCfg = Release|Any CPU
		{4BF78E83-BD25-46EE-BD60-2F8461ABC2B1}.Release|Any CPU.Build.0 = Release|Any CPU
	EndGlobalSection
	GlobalSection(SolutionProperties) = preSolution
		HideSolutionNode = FALSE
	EndGlobalSection
	GlobalSection(ExtensibilityGlobals) = postSolution
		SolutionGuid = {DC29E15F-8D94-46A5-A697-7075A608423D}
	EndGlobalSection
EndGlobal
